
Microsoft Visual Studio Solution File, Format Version 12.00
# Visual Studio Version 16
VisualStudioVersion = 16.0.31605.320
MinimumVisualStudioVersion = 10.0.40219.1
Project("{FAE04EC0-301F-11D3-BF4B-00C04F79EFBC}") = "CustomDependency", "CustomDependency.csproj", "{BB1C1C9C-05AC-460A-B9A3-C0211966232E}"
EndProject
Global
	GlobalSection(SolutionConfigurationPlatforms) = preSolution
		Debug|Any CPU = Debug|Any CPU
		Release|Any CPU = Release|Any CPU
	EndGlobalSection
	GlobalSection(ProjectConfigurationPlatforms) = postSolution
		{BB1C1C9C-05AC-460A-B9A3-C0211966232E}.Debug|Any CPU.ActiveCfg = Debug|Any CPU
		{BB1C1C9C-05AC-460A-B9A3-C0211966232E}.Debug|Any CPU.Build.0 = Debug|Any CPU
		{BB1C1C9C-05AC-460A-B9A3-C0211966232E}.Release|Any CPU.ActiveCfg = Release|Any CPU
		{BB1C1C9C-05AC-460A-B9A3-C0211966232E}.Release|Any CPU.Build.0 = Release|Any CPU
	EndGlobalSection
	GlobalSection(SolutionProperties) = preSolution
		HideSolutionNode = FALSE
	EndGlobalSection
	GlobalSection(ExtensibilityGlobals) = postSolution
		SolutionGuid = {641B2C7F-3C9B-4B3E-A058-57B5CDEFFA23}
	EndGlobalSection
EndGlobal
